
Microsoft Visual Studio Solution File, Format Version 12.00
# Visual Studio Version 16
VisualStudioVersion = 16.0.31205.134
MinimumVisualStudioVersion = 10.0.40219.1
Project("{F184B08F-C81C-45F6-A57F-5ABD9991F28F}") = "php parser", "php parser\php parser.vbproj", "{D5C930AE-F785-4858-8773-8501606A33F2}"
EndProject
Global
	GlobalSection(SolutionConfigurationPlatforms) = preSolution
		Debug|Any CPU = Debug|Any CPU
		Release|Any CPU = Release|Any CPU
	EndGlobalSection
	GlobalSection(ProjectConfigurationPlatforms) = postSolution
		{D5C930AE-F785-4858-8773-8501606A33F2}.Debug|Any CPU.ActiveCfg = Debug|Any CPU
		{D5C930AE-F785-4858-8773-8501606A33F2}.Debug|Any CPU.Build.0 = Debug|Any CPU
		{D5C930AE-F785-4858-8773-8501606A33F2}.Release|Any CPU.ActiveCfg = Release|Any CPU
		{D5C930AE-F785-4858-8773-8501606A33F2}.Release|Any CPU.Build.0 = Release|Any CPU
	EndGlobalSection
	GlobalSection(SolutionProperties) = preSolution
		HideSolutionNode = FALSE
	EndGlobalSection
	GlobalSection(ExtensibilityGlobals) = postSolution
		SolutionGuid = {243ABE5C-73AF-40EE-A3EB-1A90D3A92516}
	EndGlobalSection
EndGlobal
